
Microsoft Visual Studio Solution File, Format Version 12.00
# Visual Studio Version 16
VisualStudioVersion = 16.0.33529.622
MinimumVisualStudioVersion = 10.0.40219.1
Project("{FAE04EC0-301F-11D3-BF4B-00C04F79EFBC}") = "Turf", "Turf\Turf.csproj", "{12837827-7E67-4E29-89CE-B50A795DBF62}"
EndProject
Global
	GlobalSection(SolutionConfigurationPlatforms) = preSolution
		Debug|Any CPU = Debug|Any CPU
		Release|Any CPU = Release|Any CPU
	EndGlobalSection
	GlobalSection(ProjectConfigurationPlatforms) = postSolution
		{12837827-7E67-4E29-89CE-B50A795DBF62}.Debug|Any CPU.ActiveCfg = Debug|Any CPU
		{12837827-7E67-4E29-89CE-B50A795DBF62}.Debug|Any CPU.Build.0 = Debug|Any CPU
		{12837827-7E67-4E29-89CE-B50A795DBF62}.Release|Any CPU.ActiveCfg = Release|Any CPU
		{12837827-7E67-4E29-89CE-B50A795DBF62}.Release|Any CPU.Build.0 = Release|Any CPU
	EndGlobalSection
	GlobalSection(SolutionProperties) = preSolution
		HideSolutionNode = FALSE
	EndGlobalSection
	GlobalSection(ExtensibilityGlobals) = postSolution
		SolutionGuid = {C7CD51DE-94D6-4E95-9BBF-95006681BEB6}
	EndGlobalSection
EndGlobal
